
Microsoft Visual Studio Solution File, Format Version 12.00
# Visual Studio Version 17
VisualStudioVersion = 17.9.34728.123
MinimumVisualStudioVersion = 10.0.40219.1
Project("{9A19103F-16F7-4668-BE54-9A1E7A4F7556}") = "Xfsm.Core", "Xfsm.Core\Xfsm.Core.csproj", "{899F2030-CA2E-47D2-98E3-5EDDD6965B0B}"
EndProject
Project("{FAE04EC0-301F-11D3-BF4B-00C04F79EFBC}") = "Xfsm.SqlServer", "Xfsm.SqlServer\Xfsm.SqlServer.csproj", "{DA7194B2-EA88-4DF9-89FA-DE042C0278AE}"
EndProject
Project("{FAE04EC0-301F-11D3-BF4B-00C04F79EFBC}") = "Xfsm.SqlServer.Test", "Xfsm.SqlServer.Test\Xfsm.SqlServer.Test.csproj", "{C3BDE0EE-548E-4294-B593-22FAB62F28CA}"
EndProject
Global
	GlobalSection(SolutionConfigurationPlatforms) = preSolution
		Debug|Any CPU = Debug|Any CPU
		Release|Any CPU = Release|Any CPU
	EndGlobalSection
	GlobalSection(ProjectConfigurationPlatforms) = postSolution
		{899F2030-CA2E-47D2-98E3-5EDDD6965B0B}.Debug|Any CPU.ActiveCfg = Debug|Any CPU
		{899F2030-CA2E-47D2-98E3-5EDDD6965B0B}.Debug|Any CPU.Build.0 = Debug|Any CPU
		{899F2030-CA2E-47D2-98E3-5EDDD6965B0B}.Release|Any CPU.ActiveCfg = Release|Any CPU
		{899F2030-CA2E-47D2-98E3-5EDDD6965B0B}.Release|Any CPU.Build.0 = Release|Any CPU
		{DA7194B2-EA88-4DF9-89FA-DE042C0278AE}.Debug|Any CPU.ActiveCfg = Debug|Any CPU
		{DA7194B2-EA88-4DF9-89FA-DE042C0278AE}.Debug|Any CPU.Build.0 = Debug|Any CPU
		{DA7194B2-EA88-4DF9-89FA-DE042C0278AE}.Release|Any CPU.ActiveCfg = Release|Any CPU
		{DA7194B2-EA88-4DF9-89FA-DE042C0278AE}.Release|Any CPU.Build.0 = Release|Any CPU
		{C3BDE0EE-548E-4294-B593-22FAB62F28CA}.Debug|Any CPU.ActiveCfg = Debug|Any CPU
		{C3BDE0EE-548E-4294-B593-22FAB62F28CA}.Debug|Any CPU.Build.0 = Debug|Any CPU
		{C3BDE0EE-548E-4294-B593-22FAB62F28CA}.Release|Any CPU.ActiveCfg = Release|Any CPU
		{C3BDE0EE-548E-4294-B593-22FAB62F28CA}.Release|Any CPU.Build.0 = Release|Any CPU
	EndGlobalSection
	GlobalSection(SolutionProperties) = preSolution
		HideSolutionNode = FALSE
	EndGlobalSection
	GlobalSection(ExtensibilityGlobals) = postSolution
		SolutionGuid = {4BD5CD18-B66E-46E0-810A-6CB30A75411B}
	EndGlobalSection
EndGlobal
